
Microsoft Visual Studio Solution File, Format Version 12.00
# Visual Studio Version 17
VisualStudioVersion = 17.11.35431.28
MinimumVisualStudioVersion = 10.0.40219.1
Project("{FAE04EC0-301F-11D3-BF4B-00C04F79EFBC}") = "SWII6P2Verifications", "SWII6P2Verifications\SWII6P2Verifications.csproj", "{8EB4D827-D9A8-4806-8417-87B71EBEE6B3}"
EndProject
Global
	GlobalSection(SolutionConfigurationPlatforms) = preSolution
		Debug|Any CPU = Debug|Any CPU
		Release|Any CPU = Release|Any CPU
	EndGlobalSection
	GlobalSection(ProjectConfigurationPlatforms) = postSolution
		{8EB4D827-D9A8-4806-8417-87B71EBEE6B3}.Debug|Any CPU.ActiveCfg = Debug|Any CPU
		{8EB4D827-D9A8-4806-8417-87B71EBEE6B3}.Debug|Any CPU.Build.0 = Debug|Any CPU
		{8EB4D827-D9A8-4806-8417-87B71EBEE6B3}.Release|Any CPU.ActiveCfg = Release|Any CPU
		{8EB4D827-D9A8-4806-8417-87B71EBEE6B3}.Release|Any CPU.Build.0 = Release|Any CPU
	EndGlobalSection
	GlobalSection(SolutionProperties) = preSolution
		HideSolutionNode = FALSE
	EndGlobalSection
	GlobalSection(ExtensibilityGlobals) = postSolution
		SolutionGuid = {4AB5FE36-CDC7-4A26-A4C2-FA0BE0900830}
	EndGlobalSection
EndGlobal
